
Microsoft Visual Studio Solution File, Format Version 12.00
# Visual Studio 15
VisualStudioVersion = 15.0.28010.2026
MinimumVisualStudioVersion = 10.0.40219.1
Project("{FAE04EC0-301F-11D3-BF4B-00C04F79EFBC}") = "jianyiaspnetcore", "jianyiaspnetcore\jianyiaspnetcore.csproj", "{FBB95F04-6D34-4A09-A640-91FA6148E605}"
EndProject
Global
	GlobalSection(SolutionConfigurationPlatforms) = preSolution
		Debug|Any CPU = Debug|Any CPU
		Release|Any CPU = Release|Any CPU
	EndGlobalSection
	GlobalSection(ProjectConfigurationPlatforms) = postSolution
		{FBB95F04-6D34-4A09-A640-91FA6148E605}.Debug|Any CPU.ActiveCfg = Debug|Any CPU
		{FBB95F04-6D34-4A09-A640-91FA6148E605}.Debug|Any CPU.Build.0 = Debug|Any CPU
		{FBB95F04-6D34-4A09-A640-91FA6148E605}.Release|Any CPU.ActiveCfg = Release|Any CPU
		{FBB95F04-6D34-4A09-A640-91FA6148E605}.Release|Any CPU.Build.0 = Release|Any CPU
	EndGlobalSection
	GlobalSection(SolutionProperties) = preSolution
		HideSolutionNode = FALSE
	EndGlobalSection
	GlobalSection(ExtensibilityGlobals) = postSolution
		SolutionGuid = {19404889-3474-4B5B-A7CB-D5EB7735645B}
	EndGlobalSection
EndGlobal
